
Microsoft Visual Studio Solution File, Format Version 12.00
# Visual Studio 15
VisualStudioVersion = 15.0.28307.489
MinimumVisualStudioVersion = 10.0.40219.1
Project("{FAE04EC0-301F-11D3-BF4B-00C04F79EFBC}") = "PeopleSearch", "PeopleSearch\PeopleSearch.csproj", "{AE61C7CC-0D7D-40EB-9219-2BF4D24B5BB0}"
EndProject
Project("{FAE04EC0-301F-11D3-BF4B-00C04F79EFBC}") = "PeopleSearch.Tests", "PeopleSearch.Tests\PeopleSearch.Tests.csproj", "{557F4744-1E2D-45FE-AAAC-5B2CE5DE6D64}"
EndProject
Project("{FAE04EC0-301F-11D3-BF4B-00C04F79EFBC}") = "PeopleSearch.Entity", "..\PeopleSearch.Entity\PeopleSearch.Entity.csproj", "{7C6D7732-7CF4-4FA5-8476-21A94E062093}"
EndProject
Project("{FAE04EC0-301F-11D3-BF4B-00C04F79EFBC}") = "PeopleSearch.Business", "PeopleSearch.Business\PeopleSearch.Business.csproj", "{DC69D930-0EB6-41CD-A7A6-406DD48502C7}"
EndProject
Global
	GlobalSection(SolutionConfigurationPlatforms) = preSolution
		Debug|Any CPU = Debug|Any CPU
		Release|Any CPU = Release|Any CPU
	EndGlobalSection
	GlobalSection(ProjectConfigurationPlatforms) = postSolution
		{AE61C7CC-0D7D-40EB-9219-2BF4D24B5BB0}.Debug|Any CPU.ActiveCfg = Debug|Any CPU
		{AE61C7CC-0D7D-40EB-9219-2BF4D24B5BB0}.Debug|Any CPU.Build.0 = Debug|Any CPU
		{AE61C7CC-0D7D-40EB-9219-2BF4D24B5BB0}.Release|Any CPU.ActiveCfg = Release|Any CPU
		{AE61C7CC-0D7D-40EB-9219-2BF4D24B5BB0}.Release|Any CPU.Build.0 = Release|Any CPU
		{557F4744-1E2D-45FE-AAAC-5B2CE5DE6D64}.Debug|Any CPU.ActiveCfg = Debug|Any CPU
		{557F4744-1E2D-45FE-AAAC-5B2CE5DE6D64}.Debug|Any CPU.Build.0 = Debug|Any CPU
		{557F4744-1E2D-45FE-AAAC-5B2CE5DE6D64}.Release|Any CPU.ActiveCfg = Release|Any CPU
		{557F4744-1E2D-45FE-AAAC-5B2CE5DE6D64}.Release|Any CPU.Build.0 = Release|Any CPU
		{7C6D7732-7CF4-4FA5-8476-21A94E062093}.Debug|Any CPU.ActiveCfg = Debug|Any CPU
		{7C6D7732-7CF4-4FA5-8476-21A94E062093}.Debug|Any CPU.Build.0 = Debug|Any CPU
		{7C6D7732-7CF4-4FA5-8476-21A94E062093}.Release|Any CPU.ActiveCfg = Release|Any CPU
		{7C6D7732-7CF4-4FA5-8476-21A94E062093}.Release|Any CPU.Build.0 = Release|Any CPU
		{DC69D930-0EB6-41CD-A7A6-406DD48502C7}.Debug|Any CPU.ActiveCfg = Debug|Any CPU
		{DC69D930-0EB6-41CD-A7A6-406DD48502C7}.Debug|Any CPU.Build.0 = Debug|Any CPU
		{DC69D930-0EB6-41CD-A7A6-406DD48502C7}.Release|Any CPU.ActiveCfg = Release|Any CPU
		{DC69D930-0EB6-41CD-A7A6-406DD48502C7}.Release|Any CPU.Build.0 = Release|Any CPU
	EndGlobalSection
	GlobalSection(SolutionProperties) = preSolution
		HideSolutionNode = FALSE
	EndGlobalSection
	GlobalSection(ExtensibilityGlobals) = postSolution
		SolutionGuid = {4D44669D-2ED6-4400-AF4F-C9F1029D9204}
	EndGlobalSection
EndGlobal
